
Microsoft Visual Studio Solution File, Format Version 12.00
# Visual Studio Version 16
VisualStudioVersion = 16.0.30621.155
MinimumVisualStudioVersion = 10.0.40219.1
Project("{9A19103F-16F7-4668-BE54-9A1E7A4F7556}") = "Liersch.JsonSerialization.Demo", "Liersch.JsonSerialization.Demo\Liersch.JsonSerialization.Demo.csproj", "{668870BB-0C5F-4DF8-A533-5A76F6C9F2FD}"
EndProject
Project("{9A19103F-16F7-4668-BE54-9A1E7A4F7556}") = "Liersch.JsonSerialization", "Liersch.JsonSerialization\Liersch.JsonSerialization.csproj", "{FE80EFBA-CBAA-4113-BABE-2AE0B421564D}"
EndProject
Project("{9A19103F-16F7-4668-BE54-9A1E7A4F7556}") = "Liersch.JsonSerialization.Tests", "Liersch.JsonSerialization.Tests\Liersch.JsonSerialization.Tests.csproj", "{D57B35EF-8780-42DA-AF69-FC634D4EDF68}"
EndProject
Project("{2150E333-8FDC-42A3-9474-1A3956D46DE8}") = "Workflows", "Workflows", "{5D4B9BF8-4FA0-4F9A-8C7D-F9624DAB6547}"
	ProjectSection(SolutionItems) = preProject
		.github\workflows\build.yml = .github\workflows\build.yml
		.github\workflows\publish.yml = .github\workflows\publish.yml
	EndProjectSection
EndProject
Global
	GlobalSection(SolutionConfigurationPlatforms) = preSolution
		Debug|Any CPU = Debug|Any CPU
		Release|Any CPU = Release|Any CPU
	EndGlobalSection
	GlobalSection(ProjectConfigurationPlatforms) = postSolution
		{668870BB-0C5F-4DF8-A533-5A76F6C9F2FD}.Debug|Any CPU.ActiveCfg = Debug|Any CPU
		{668870BB-0C5F-4DF8-A533-5A76F6C9F2FD}.Debug|Any CPU.Build.0 = Debug|Any CPU
		{668870BB-0C5F-4DF8-A533-5A76F6C9F2FD}.Release|Any CPU.ActiveCfg = Release|Any CPU
		{668870BB-0C5F-4DF8-A533-5A76F6C9F2FD}.Release|Any CPU.Build.0 = Release|Any CPU
		{FE80EFBA-CBAA-4113-BABE-2AE0B421564D}.Debug|Any CPU.ActiveCfg = Debug|Any CPU
		{FE80EFBA-CBAA-4113-BABE-2AE0B421564D}.Debug|Any CPU.Build.0 = Debug|Any CPU
		{FE80EFBA-CBAA-4113-BABE-2AE0B421564D}.Release|Any CPU.ActiveCfg = Release|Any CPU
		{FE80EFBA-CBAA-4113-BABE-2AE0B421564D}.Release|Any CPU.Build.0 = Release|Any CPU
		{D57B35EF-8780-42DA-AF69-FC634D4EDF68}.Debug|Any CPU.ActiveCfg = Debug|Any CPU
		{D57B35EF-8780-42DA-AF69-FC634D4EDF68}.Debug|Any CPU.Build.0 = Debug|Any CPU
		{D57B35EF-8780-42DA-AF69-FC634D4EDF68}.Release|Any CPU.ActiveCfg = Release|Any CPU
		{D57B35EF-8780-42DA-AF69-FC634D4EDF68}.Release|Any CPU.Build.0 = Release|Any CPU
	EndGlobalSection
	GlobalSection(SolutionProperties) = preSolution
		HideSolutionNode = FALSE
	EndGlobalSection
	GlobalSection(ExtensibilityGlobals) = postSolution
		SolutionGuid = {7693F21E-88F3-4E18-ADA7-3CA81A0615AD}
	EndGlobalSection
EndGlobal
